
Microsoft Visual Studio Solution File, Format Version 12.00
# Visual Studio 15
VisualStudioVersion = 15.0.28307.136
MinimumVisualStudioVersion = 10.0.40219.1
Project("{9A19103F-16F7-4668-BE54-9A1E7A4F7556}") = "bookings.api", "bookings.api\bookings.api.csproj", "{4A3CD6B3-A611-440D-8E9E-293D2348F5FC}"
EndProject
Project("{E53339B2-1760-4266-BCC7-CA923CBCF16C}") = "docker-compose", "docker-compose.dcproj", "{C05EF6DA-7A3B-4C9F-8862-DB34C7E07FFA}"
EndProject
Global
	GlobalSection(SolutionConfigurationPlatforms) = preSolution
		Debug|Any CPU = Debug|Any CPU
		Release|Any CPU = Release|Any CPU
	EndGlobalSection
	GlobalSection(ProjectConfigurationPlatforms) = postSolution
		{4A3CD6B3-A611-440D-8E9E-293D2348F5FC}.Debug|Any CPU.ActiveCfg = Debug|Any CPU
		{4A3CD6B3-A611-440D-8E9E-293D2348F5FC}.Debug|Any CPU.Build.0 = Debug|Any CPU
		{4A3CD6B3-A611-440D-8E9E-293D2348F5FC}.Release|Any CPU.ActiveCfg = Release|Any CPU
		{4A3CD6B3-A611-440D-8E9E-293D2348F5FC}.Release|Any CPU.Build.0 = Release|Any CPU
		{C05EF6DA-7A3B-4C9F-8862-DB34C7E07FFA}.Debug|Any CPU.ActiveCfg = Debug|Any CPU
		{C05EF6DA-7A3B-4C9F-8862-DB34C7E07FFA}.Debug|Any CPU.Build.0 = Debug|Any CPU
		{C05EF6DA-7A3B-4C9F-8862-DB34C7E07FFA}.Release|Any CPU.ActiveCfg = Release|Any CPU
		{C05EF6DA-7A3B-4C9F-8862-DB34C7E07FFA}.Release|Any CPU.Build.0 = Release|Any CPU
	EndGlobalSection
	GlobalSection(SolutionProperties) = preSolution
		HideSolutionNode = FALSE
	EndGlobalSection
	GlobalSection(ExtensibilityGlobals) = postSolution
		SolutionGuid = {9E88DAF5-B775-4D77-B34A-38BB1072A5FF}
	EndGlobalSection
EndGlobal
